// !$*UTF8*$!
{
	archiveVersion = 1;
	classes = {
	};
	objectVersion = 56;
	objects = {

/* Begin PBXBuildFile section */
		0A90D58329755E4500056095 /* BrighthrApp.swift in Sources */ = {isa = PBXBuildFile; fileRef = 0A90D58229755E4500056095 /* BrighthrApp.swift */; };
		0A90D58529755E4500056095 /* MainTabView.swift in Sources */ = {isa = PBXBuildFile; fileRef = 0A90D58429755E4500056095 /* MainTabView.swift */; };
		0A90D58729755E4600056095 /* Assets.xcassets in Resources */ = {isa = PBXBuildFile; fileRef = 0A90D58629755E4600056095 /* Assets.xcassets */; };
		0A90D58A29755E4600056095 /* Preview Assets.xcassets in Resources */ = {isa = PBXBuildFile; fileRef = 0A90D58929755E4600056095 /* Preview Assets.xcassets */; };
		0A90D58C29755E4600056095 /* Persistence.swift in Sources */ = {isa = PBXBuildFile; fileRef = 0A90D58B29755E4600056095 /* Persistence.swift */; };
		0A90D58F29755E4600056095 /* Brighthr.xcdatamodeld in Sources */ = {isa = PBXBuildFile; fileRef = 0A90D58D29755E4600056095 /* Brighthr.xcdatamodeld */; };
		0A90D59929755E4600056095 /* BrighthrTests.swift in Sources */ = {isa = PBXBuildFile; fileRef = 0A90D59829755E4600056095 /* BrighthrTests.swift */; };
		0A90D5A329755E4600056095 /* BrighthrUITests.swift in Sources */ = {isa = PBXBuildFile; fileRef = 0A90D5A229755E4600056095 /* BrighthrUITests.swift */; };
		0A90D5A529755E4600056095 /* BrighthrUITestsLaunchTests.swift in Sources */ = {isa = PBXBuildFile; fileRef = 0A90D5A429755E4600056095 /* BrighthrUITestsLaunchTests.swift */; };
		0A90D5B62975617400056095 /* PostListing.swift in Sources */ = {isa = PBXBuildFile; fileRef = 0A90D5B52975617400056095 /* PostListing.swift */; };
		0A90D5B82975629B00056095 /* PostListingCell.swift in Sources */ = {isa = PBXBuildFile; fileRef = 0A90D5B72975629B00056095 /* PostListingCell.swift */; };
		0A90D5BA297565D200056095 /* PostDetails.swift in Sources */ = {isa = PBXBuildFile; fileRef = 0A90D5B9297565D200056095 /* PostDetails.swift */; };
		0A90D5BC297568BC00056095 /* CommentListing.swift in Sources */ = {isa = PBXBuildFile; fileRef = 0A90D5BB297568BC00056095 /* CommentListing.swift */; };
		0A90D5BF2975833100056095 /* AppEnvironment.swift in Sources */ = {isa = PBXBuildFile; fileRef = 0A90D5BE2975833100056095 /* AppEnvironment.swift */; };
		0A90D5C12975837B00056095 /* APIPath.swift in Sources */ = {isa = PBXBuildFile; fileRef = 0A90D5C02975837B00056095 /* APIPath.swift */; };
		0A90D5C32975891B00056095 /* APIHandler.swift in Sources */ = {isa = PBXBuildFile; fileRef = 0A90D5C22975891B00056095 /* APIHandler.swift */; };
		0A90D5C5297597A800056095 /* APIError.swift in Sources */ = {isa = PBXBuildFile; fileRef = 0A90D5C4297597A800056095 /* APIError.swift */; };
		0A90D5C72975BD2E00056095 /* APILoader.swift in Sources */ = {isa = PBXBuildFile; fileRef = 0A90D5C62975BD2E00056095 /* APILoader.swift */; };
		0A90D5D52975C3A200056095 /* GetPostsHandler.swift in Sources */ = {isa = PBXBuildFile; fileRef = 0A90D5D42975C3A200056095 /* GetPostsHandler.swift */; };
		0A90D5D82975C3FA00056095 /* Posts.swift in Sources */ = {isa = PBXBuildFile; fileRef = 0A90D5D72975C3FA00056095 /* Posts.swift */; };
		0A90D5DA2975C4AA00056095 /* PostComments.swift in Sources */ = {isa = PBXBuildFile; fileRef = 0A90D5D92975C4AA00056095 /* PostComments.swift */; };
		0A90D5DC2975C5E300056095 /* GetPostDetailsHandler.swift in Sources */ = {isa = PBXBuildFile; fileRef = 0A90D5DB2975C5E300056095 /* GetPostDetailsHandler.swift */; };
		0A90D5DE2975C64C00056095 /* GetPostCommentsHandler.swift in Sources */ = {isa = PBXBuildFile; fileRef = 0A90D5DD2975C64C00056095 /* GetPostCommentsHandler.swift */; };
		0A90D5E12975D0C900056095 /* PostViewService.swift in Sources */ = {isa = PBXBuildFile; fileRef = 0A90D5E02975D0C900056095 /* PostViewService.swift */; };
		0A90D5E42975D2BF00056095 /* PostViewModel.swift in Sources */ = {isa = PBXBuildFile; fileRef = 0A90D5E32975D2BF00056095 /* PostViewModel.swift */; };
		0A90D5E62975E80E00056095 /* PostDetailsService.swift in Sources */ = {isa = PBXBuildFile; fileRef = 0A90D5E52975E80E00056095 /* PostDetailsService.swift */; };
		0A90D5E82975EA7F00056095 /* PostDetailsViewModel.swift in Sources */ = {isa = PBXBuildFile; fileRef = 0A90D5E72975EA7F00056095 /* PostDetailsViewModel.swift */; };
		0A90D5EA2975F24B00056095 /* CommentListService.swift in Sources */ = {isa = PBXBuildFile; fileRef = 0A90D5E92975F24B00056095 /* CommentListService.swift */; };
		0A90D5EC2975F35300056095 /* PostCommentsViewModel.swift in Sources */ = {isa = PBXBuildFile; fileRef = 0A90D5EB2975F35300056095 /* PostCommentsViewModel.swift */; };
		0A90D5EE2975F5DC00056095 /* PostCommentCell.swift in Sources */ = {isa = PBXBuildFile; fileRef = 0A90D5ED2975F5DC00056095 /* PostCommentCell.swift */; };
		0A90D5F229760A6600056095 /* SavedPostService.swift in Sources */ = {isa = PBXBuildFile; fileRef = 0A90D5F129760A6600056095 /* SavedPostService.swift */; };
/* End PBXBuildFile section */

/* Begin PBXContainerItemProxy section */
		0A90D59529755E4600056095 /* PBXContainerItemProxy */ = {
			isa = PBXContainerItemProxy;
			containerPortal = 0A90D57729755E4500056095 /* Project object */;
			proxyType = 1;
			remoteGlobalIDString = 0A90D57E29755E4500056095;
			remoteInfo = Brighthr;
		};
		0A90D59F29755E4600056095 /* PBXContainerItemProxy */ = {
			isa = PBXContainerItemProxy;
			containerPortal = 0A90D57729755E4500056095 /* Project object */;
			proxyType = 1;
			remoteGlobalIDString = 0A90D57E29755E4500056095;
			remoteInfo = Brighthr;
		};
/* End PBXContainerItemProxy section */

/* Begin PBXFileReference section */
		0A90D57F29755E4500056095 /* Brighthr.app */ = {isa = PBXFileReference; explicitFileType = wrapper.application; includeInIndex = 0; path = Brighthr.app; sourceTree = BUILT_PRODUCTS_DIR; };
		0A90D58229755E4500056095 /* BrighthrApp.swift */ = {isa = PBXFileReference; lastKnownFileType = sourcecode.swift; path = BrighthrApp.swift; sourceTree = "<group>"; };
		0A90D58429755E4500056095 /* MainTabView.swift */ = {isa = PBXFileReference; lastKnownFileType = sourcecode.swift; path = MainTabView.swift; sourceTree = "<group>"; };
		0A90D58629755E4600056095 /* Assets.xcassets */ = {isa = PBXFileReference; lastKnownFileType = folder.assetcatalog; path = Assets.xcassets; sourceTree = "<group>"; };
		0A90D58929755E4600056095 /* Preview Assets.xcassets */ = {isa = PBXFileReference; lastKnownFileType = folder.assetcatalog; path = "Preview Assets.xcassets"; sourceTree = "<group>"; };
		0A90D58B29755E4600056095 /* Persistence.swift */ = {isa = PBXFileReference; lastKnownFileType = sourcecode.swift; path = Persistence.swift; sourceTree = "<group>"; };
		0A90D58E29755E4600056095 /* Brighthr.xcdatamodel */ = {isa = PBXFileReference; lastKnownFileType = wrapper.xcdatamodel; path = Brighthr.xcdatamodel; sourceTree = "<group>"; };
		0A90D59429755E4600056095 /* BrighthrTests.xctest */ = {isa = PBXFileReference; explicitFileType = wrapper.cfbundle; includeInIndex = 0; path = BrighthrTests.xctest; sourceTree = BUILT_PRODUCTS_DIR; };
		0A90D59829755E4600056095 /* BrighthrTests.swift */ = {isa = PBXFileReference; lastKnownFileType = sourcecode.swift; path = BrighthrTests.swift; sourceTree = "<group>"; };
		0A90D59E29755E4600056095 /* BrighthrUITests.xctest */ = {isa = PBXFileReference; explicitFileType = wrapper.cfbundle; includeInIndex = 0; path = BrighthrUITests.xctest; sourceTree = BUILT_PRODUCTS_DIR; };
		0A90D5A229755E4600056095 /* BrighthrUITests.swift */ = {isa = PBXFileReference; lastKnownFileType = sourcecode.swift; path = BrighthrUITests.swift; sourceTree = "<group>"; };
		0A90D5A429755E4600056095 /* BrighthrUITestsLaunchTests.swift */ = {isa = PBXFileReference; lastKnownFileType = sourcecode.swift; path = BrighthrUITestsLaunchTests.swift; sourceTree = "<group>"; };
		0A90D5B52975617400056095 /* PostListing.swift */ = {isa = PBXFileReference; lastKnownFileType = sourcecode.swift; path = PostListing.swift; sourceTree = "<group>"; };
		0A90D5B72975629B00056095 /* PostListingCell.swift */ = {isa = PBXFileReference; lastKnownFileType = sourcecode.swift; path = PostListingCell.swift; sourceTree = "<group>"; };
		0A90D5B9297565D200056095 /* PostDetails.swift */ = {isa = PBXFileReference; lastKnownFileType = sourcecode.swift; path = PostDetails.swift; sourceTree = "<group>"; };
		0A90D5BB297568BC00056095 /* CommentListing.swift */ = {isa = PBXFileReference; lastKnownFileType = sourcecode.swift; path = CommentListing.swift; sourceTree = "<group>"; };
		0A90D5BE2975833100056095 /* AppEnvironment.swift */ = {isa = PBXFileReference; lastKnownFileType = sourcecode.swift; path = AppEnvironment.swift; sourceTree = "<group>"; };
		0A90D5C02975837B00056095 /* APIPath.swift */ = {isa = PBXFileReference; lastKnownFileType = sourcecode.swift; path = APIPath.swift; sourceTree = "<group>"; };
		0A90D5C22975891B00056095 /* APIHandler.swift */ = {isa = PBXFileReference; lastKnownFileType = sourcecode.swift; path = APIHandler.swift; sourceTree = "<group>"; };
		0A90D5C4297597A800056095 /* APIError.swift */ = {isa = PBXFileReference; lastKnownFileType = sourcecode.swift; path = APIError.swift; sourceTree = "<group>"; };
		0A90D5C62975BD2E00056095 /* APILoader.swift */ = {isa = PBXFileReference; lastKnownFileType = sourcecode.swift; path = APILoader.swift; sourceTree = "<group>"; };
		0A90D5D42975C3A200056095 /* GetPostsHandler.swift */ = {isa = PBXFileReference; lastKnownFileType = sourcecode.swift; path = GetPostsHandler.swift; sourceTree = "<group>"; };
		0A90D5D72975C3FA00056095 /* Posts.swift */ = {isa = PBXFileReference; lastKnownFileType = sourcecode.swift; path = Posts.swift; sourceTree = "<group>"; };
		0A90D5D92975C4AA00056095 /* PostComments.swift */ = {isa = PBXFileReference; lastKnownFileType = sourcecode.swift; path = PostComments.swift; sourceTree = "<group>"; };
		0A90D5DB2975C5E300056095 /* GetPostDetailsHandler.swift */ = {isa = PBXFileReference; lastKnownFileType = sourcecode.swift; path = GetPostDetailsHandler.swift; sourceTree = "<group>"; };
		0A90D5DD2975C64C00056095 /* GetPostCommentsHandler.swift */ = {isa = PBXFileReference; lastKnownFileType = sourcecode.swift; path = GetPostCommentsHandler.swift; sourceTree = "<group>"; };
		0A90D5E02975D0C900056095 /* PostViewService.swift */ = {isa = PBXFileReference; lastKnownFileType = sourcecode.swift; path = PostViewService.swift; sourceTree = "<group>"; };
		0A90D5E32975D2BF00056095 /* PostViewModel.swift */ = {isa = PBXFileReference; lastKnownFileType = sourcecode.swift; path = PostViewModel.swift; sourceTree = "<group>"; };
		0A90D5E52975E80E00056095 /* PostDetailsService.swift */ = {isa = PBXFileReference; lastKnownFileType = sourcecode.swift; path = PostDetailsService.swift; sourceTree = "<group>"; };
		0A90D5E72975EA7F00056095 /* PostDetailsViewModel.swift */ = {isa = PBXFileReference; lastKnownFileType = sourcecode.swift; path = PostDetailsViewModel.swift; sourceTree = "<group>"; };
		0A90D5E92975F24B00056095 /* CommentListService.swift */ = {isa = PBXFileReference; lastKnownFileType = sourcecode.swift; path = CommentListService.swift; sourceTree = "<group>"; };
		0A90D5EB2975F35300056095 /* PostCommentsViewModel.swift */ = {isa = PBXFileReference; lastKnownFileType = sourcecode.swift; path = PostCommentsViewModel.swift; sourceTree = "<group>"; };
		0A90D5ED2975F5DC00056095 /* PostCommentCell.swift */ = {isa = PBXFileReference; lastKnownFileType = sourcecode.swift; path = PostCommentCell.swift; sourceTree = "<group>"; };
		0A90D5F129760A6600056095 /* SavedPostService.swift */ = {isa = PBXFileReference; lastKnownFileType = sourcecode.swift; path = SavedPostService.swift; sourceTree = "<group>"; };
/* End PBXFileReference section */

/* Begin PBXFrameworksBuildPhase section */
		0A90D57C29755E4500056095 /* Frameworks */ = {
			isa = PBXFrameworksBuildPhase;
			buildActionMask = 2147483647;
			files = (
			);
			runOnlyForDeploymentPostprocessing = 0;
		};
		0A90D59129755E4600056095 /* Frameworks */ = {
			isa = PBXFrameworksBuildPhase;
			buildActionMask = 2147483647;
			files = (
			);
			runOnlyForDeploymentPostprocessing = 0;
		};
		0A90D59B29755E4600056095 /* Frameworks */ = {
			isa = PBXFrameworksBuildPhase;
			buildActionMask = 2147483647;
			files = (
			);
			runOnlyForDeploymentPostprocessing = 0;
		};
/* End PBXFrameworksBuildPhase section */

/* Begin PBXGroup section */
		0A90D57629755E4500056095 = {
			isa = PBXGroup;
			children = (
				0A90D58129755E4500056095 /* Brighthr */,
				0A90D59729755E4600056095 /* BrighthrTests */,
				0A90D5A129755E4600056095 /* BrighthrUITests */,
				0A90D58029755E4500056095 /* Products */,
			);
			sourceTree = "<group>";
		};
		0A90D58029755E4500056095 /* Products */ = {
			isa = PBXGroup;
			children = (
				0A90D57F29755E4500056095 /* Brighthr.app */,
				0A90D59429755E4600056095 /* BrighthrTests.xctest */,
				0A90D59E29755E4600056095 /* BrighthrUITests.xctest */,
			);
			name = Products;
			sourceTree = "<group>";
		};
		0A90D58129755E4500056095 /* Brighthr */ = {
			isa = PBXGroup;
			children = (
				0A90D5B129755EE900056095 /* View */,
				0A90D5D62975C3ED00056095 /* Model */,
				0A90D5E22975D2A400056095 /* ViewModel */,
				0A90D5DF2975C6AC00056095 /* Services */,
				0A90D5BD2975831A00056095 /* Network */,
				0A90D5B42975605800056095 /* CoreData */,
				0A90D5B32975604000056095 /* Application */,
				0A90D58629755E4600056095 /* Assets.xcassets */,
				0A90D58829755E4600056095 /* Preview Content */,
			);
			path = Brighthr;
			sourceTree = "<group>";
		};
		0A90D58829755E4600056095 /* Preview Content */ = {
			isa = PBXGroup;
			children = (
				0A90D58929755E4600056095 /* Preview Assets.xcassets */,
			);
			path = "Preview Content";
			sourceTree = "<group>";
		};
		0A90D59729755E4600056095 /* BrighthrTests */ = {
			isa = PBXGroup;
			children = (
				0A90D59829755E4600056095 /* BrighthrTests.swift */,
			);
			path = BrighthrTests;
			sourceTree = "<group>";
		};
		0A90D5A129755E4600056095 /* BrighthrUITests */ = {
			isa = PBXGroup;
			children = (
				0A90D5A229755E4600056095 /* BrighthrUITests.swift */,
				0A90D5A429755E4600056095 /* BrighthrUITestsLaunchTests.swift */,
			);
			path = BrighthrUITests;
			sourceTree = "<group>";
		};
		0A90D5B129755EE900056095 /* View */ = {
			isa = PBXGroup;
			children = (
				0A90D58429755E4500056095 /* MainTabView.swift */,
				0A90D5B52975617400056095 /* PostListing.swift */,
				0A90D5B72975629B00056095 /* PostListingCell.swift */,
				0A90D5B9297565D200056095 /* PostDetails.swift */,
				0A90D5BB297568BC00056095 /* CommentListing.swift */,
				0A90D5ED2975F5DC00056095 /* PostCommentCell.swift */,
			);
			path = View;
			sourceTree = "<group>";
		};
		0A90D5B32975604000056095 /* Application */ = {
			isa = PBXGroup;
			children = (
				0A90D58229755E4500056095 /* BrighthrApp.swift */,
			);
			path = Application;
			sourceTree = "<group>";
		};
		0A90D5B42975605800056095 /* CoreData */ = {
			isa = PBXGroup;
			children = (
				0A90D58D29755E4600056095 /* Brighthr.xcdatamodeld */,
				0A90D58B29755E4600056095 /* Persistence.swift */,
			);
			path = CoreData;
			sourceTree = "<group>";
		};
		0A90D5BD2975831A00056095 /* Network */ = {
			isa = PBXGroup;
			children = (
				0A90D5D22975C37E00056095 /* APIHandlers */,
				0A90D5BE2975833100056095 /* AppEnvironment.swift */,
				0A90D5C02975837B00056095 /* APIPath.swift */,
				0A90D5C4297597A800056095 /* APIError.swift */,
				0A90D5C22975891B00056095 /* APIHandler.swift */,
				0A90D5C62975BD2E00056095 /* APILoader.swift */,
			);
			path = Network;
			sourceTree = "<group>";
		};
		0A90D5D22975C37E00056095 /* APIHandlers */ = {
			isa = PBXGroup;
			children = (
				0A90D5D32975C37E00056095 /* Posts */,
			);
			path = APIHandlers;
			sourceTree = "<group>";
		};
		0A90D5D32975C37E00056095 /* Posts */ = {
			isa = PBXGroup;
			children = (
				0A90D5D42975C3A200056095 /* GetPostsHandler.swift */,
				0A90D5DB2975C5E300056095 /* GetPostDetailsHandler.swift */,
				0A90D5DD2975C64C00056095 /* GetPostCommentsHandler.swift */,
			);
			path = Posts;
			sourceTree = "<group>";
		};
		0A90D5D62975C3ED00056095 /* Model */ = {
			isa = PBXGroup;
			children = (
				0A90D5D72975C3FA00056095 /* Posts.swift */,
				0A90D5D92975C4AA00056095 /* PostComments.swift */,
			);
			path = Model;
			sourceTree = "<group>";
		};
		0A90D5DF2975C6AC00056095 /* Services */ = {
			isa = PBXGroup;
			children = (
				0A90D5F129760A6600056095 /* SavedPostService.swift */,
				0A90D5E02975D0C900056095 /* PostViewService.swift */,
				0A90D5E52975E80E00056095 /* PostDetailsService.swift */,
				0A90D5E92975F24B00056095 /* CommentListService.swift */,
			);
			path = Services;
			sourceTree = "<group>";
		};
		0A90D5E22975D2A400056095 /* ViewModel */ = {
			isa = PBXGroup;
			children = (
				0A90D5E32975D2BF00056095 /* PostViewModel.swift */,
				0A90D5E72975EA7F00056095 /* PostDetailsViewModel.swift */,
				0A90D5EB2975F35300056095 /* PostCommentsViewModel.swift */,
			);
			path = ViewModel;
			sourceTree = "<group>";
		};
/* End PBXGroup section */

/* Begin PBXNativeTarget section */
		0A90D57E29755E4500056095 /* Brighthr */ = {
			isa = PBXNativeTarget;
			buildConfigurationList = 0A90D5A829755E4600056095 /* Build configuration list for PBXNativeTarget "Brighthr" */;
			buildPhases = (
				0A90D57B29755E4500056095 /* Sources */,
				0A90D57C29755E4500056095 /* Frameworks */,
				0A90D57D29755E4500056095 /* Resources */,
			);
			buildRules = (
			);
			dependencies = (
			);
			name = Brighthr;
			productName = Brighthr;
			productReference = 0A90D57F29755E4500056095 /* Brighthr.app */;
			productType = "com.apple.product-type.application";
		};
		0A90D59329755E4600056095 /* BrighthrTests */ = {
			isa = PBXNativeTarget;
			buildConfigurationList = 0A90D5AB29755E4600056095 /* Build configuration list for PBXNativeTarget "BrighthrTests" */;
			buildPhases = (
				0A90D59029755E4600056095 /* Sources */,
				0A90D59129755E4600056095 /* Frameworks */,
				0A90D59229755E4600056095 /* Resources */,
			);
			buildRules = (
			);
			dependencies = (
				0A90D59629755E4600056095 /* PBXTargetDependency */,
			);
			name = BrighthrTests;
			productName = BrighthrTests;
			productReference = 0A90D59429755E4600056095 /* BrighthrTests.xctest */;
			productType = "com.apple.product-type.bundle.unit-test";
		};
		0A90D59D29755E4600056095 /* BrighthrUITests */ = {
			isa = PBXNativeTarget;
			buildConfigurationList = 0A90D5AE29755E4600056095 /* Build configuration list for PBXNativeTarget "BrighthrUITests" */;
			buildPhases = (
				0A90D59A29755E4600056095 /* Sources */,
				0A90D59B29755E4600056095 /* Frameworks */,
				0A90D59C29755E4600056095 /* Resources */,
			);
			buildRules = (
			);
			dependencies = (
				0A90D5A029755E4600056095 /* PBXTargetDependency */,
			);
			name = BrighthrUITests;
			productName = BrighthrUITests;
			productReference = 0A90D59E29755E4600056095 /* BrighthrUITests.xctest */;
			productType = "com.apple.product-type.bundle.ui-testing";
		};
/* End PBXNativeTarget section */

/* Begin PBXProject section */
		0A90D57729755E4500056095 /* Project object */ = {
			isa = PBXProject;
			attributes = {
				BuildIndependentTargetsInParallel = 1;
				LastSwiftUpdateCheck = 1420;
				LastUpgradeCheck = 1420;
				TargetAttributes = {
					0A90D57E29755E4500056095 = {
						CreatedOnToolsVersion = 14.2;
					};
					0A90D59329755E4600056095 = {
						CreatedOnToolsVersion = 14.2;
						TestTargetID = 0A90D57E29755E4500056095;
					};
					0A90D59D29755E4600056095 = {
						CreatedOnToolsVersion = 14.2;
						TestTargetID = 0A90D57E29755E4500056095;
					};
				};
			};
			buildConfigurationList = 0A90D57A29755E4500056095 /* Build configuration list for PBXProject "Brighthr" */;
			compatibilityVersion = "Xcode 14.0";
			developmentRegion = en;
			hasScannedForEncodings = 0;
			knownRegions = (
				en,
				Base,
			);
			mainGroup = 0A90D57629755E4500056095;
			productRefGroup = 0A90D58029755E4500056095 /* Products */;
			projectDirPath = "";
			projectRoot = "";
			targets = (
				0A90D57E29755E4500056095 /* Brighthr */,
				0A90D59329755E4600056095 /* BrighthrTests */,
				0A90D59D29755E4600056095 /* BrighthrUITests */,
			);
		};
/* End PBXProject section */

/* Begin PBXResourcesBuildPhase section */
		0A90D57D29755E4500056095 /* Resources */ = {
			isa = PBXResourcesBuildPhase;
			buildActionMask = 2147483647;
			files = (
				0A90D58A29755E4600056095 /* Preview Assets.xcassets in Resources */,
				0A90D58729755E4600056095 /* Assets.xcassets in Resources */,
			);
			runOnlyForDeploymentPostprocessing = 0;
		};
		0A90D59229755E4600056095 /* Resources */ = {
			isa = PBXResourcesBuildPhase;
			buildActionMask = 2147483647;
			files = (
			);
			runOnlyForDeploymentPostprocessing = 0;
		};
		0A90D59C29755E4600056095 /* Resources */ = {
			isa = PBXResourcesBuildPhase;
			buildActionMask = 2147483647;
			files = (
			);
			runOnlyForDeploymentPostprocessing = 0;
		};
/* End PBXResourcesBuildPhase section */

/* Begin PBXSourcesBuildPhase section */
		0A90D57B29755E4500056095 /* Sources */ = {
			isa = PBXSourcesBuildPhase;
			buildActionMask = 2147483647;
			files = (
				0A90D5E42975D2BF00056095 /* PostViewModel.swift in Sources */,
				0A90D5DC2975C5E300056095 /* GetPostDetailsHandler.swift in Sources */,
				0A90D5C72975BD2E00056095 /* APILoader.swift in Sources */,
				0A90D5E12975D0C900056095 /* PostViewService.swift in Sources */,
				0A90D58C29755E4600056095 /* Persistence.swift in Sources */,
				0A90D5E62975E80E00056095 /* PostDetailsService.swift in Sources */,
				0A90D5EC2975F35300056095 /* PostCommentsViewModel.swift in Sources */,
				0A90D5C12975837B00056095 /* APIPath.swift in Sources */,
				0A90D58529755E4500056095 /* MainTabView.swift in Sources */,
				0A90D5B82975629B00056095 /* PostListingCell.swift in Sources */,
				0A90D5C32975891B00056095 /* APIHandler.swift in Sources */,
				0A90D5F229760A6600056095 /* SavedPostService.swift in Sources */,
				0A90D5C5297597A800056095 /* APIError.swift in Sources */,
				0A90D5E82975EA7F00056095 /* PostDetailsViewModel.swift in Sources */,
				0A90D5D52975C3A200056095 /* GetPostsHandler.swift in Sources */,
				0A90D5B62975617400056095 /* PostListing.swift in Sources */,
				0A90D5EA2975F24B00056095 /* CommentListService.swift in Sources */,
				0A90D5DA2975C4AA00056095 /* PostComments.swift in Sources */,
				0A90D5D82975C3FA00056095 /* Posts.swift in Sources */,
				0A90D5EE2975F5DC00056095 /* PostCommentCell.swift in Sources */,
				0A90D5BC297568BC00056095 /* CommentListing.swift in Sources */,
				0A90D5BA297565D200056095 /* PostDetails.swift in Sources */,
				0A90D58329755E4500056095 /* BrighthrApp.swift in Sources */,
				0A90D58F29755E4600056095 /* Brighthr.xcdatamodeld in Sources */,
				0A90D5BF2975833100056095 /* AppEnvironment.swift in Sources */,
				0A90D5DE2975C64C00056095 /* GetPostCommentsHandler.swift in Sources */,
			);
			runOnlyForDeploymentPostprocessing = 0;
		};
		0A90D59029755E4600056095 /* Sources */ = {
			isa = PBXSourcesBuildPhase;
			buildActionMask = 2147483647;
			files = (
				0A90D59929755E4600056095 /* BrighthrTests.swift in Sources */,
			);
			runOnlyForDeploymentPostprocessing = 0;
		};
		0A90D59A29755E4600056095 /* Sources */ = {
			isa = PBXSourcesBuildPhase;
			buildActionMask = 2147483647;
			files = (
				0A90D5A529755E4600056095 /* BrighthrUITestsLaunchTests.swift in Sources */,
				0A90D5A329755E4600056095 /* BrighthrUITests.swift in Sources */,
			);
			runOnlyForDeploymentPostprocessing = 0;
		};
/* End PBXSourcesBuildPhase section */

/* Begin PBXTargetDependency section */
		0A90D59629755E4600056095 /* PBXTargetDependency */ = {
			isa = PBXTargetDependency;
			target = 0A90D57E29755E4500056095 /* Brighthr */;
			targetProxy = 0A90D59529755E4600056095 /* PBXContainerItemProxy */;
		};
		0A90D5A029755E4600056095 /* PBXTargetDependency */ = {
			isa = PBXTargetDependency;
			target = 0A90D57E29755E4500056095 /* Brighthr */;
			targetProxy = 0A90D59F29755E4600056095 /* PBXContainerItemProxy */;
		};
/* End PBXTargetDependency section */

/* Begin XCBuildConfiguration section */
		0A90D5A629755E4600056095 /* Debug */ = {
			isa = XCBuildConfiguration;
			buildSettings = {
				ALWAYS_SEARCH_USER_PATHS = NO;
				CLANG_ANALYZER_NONNULL = YES;
				CLANG_ANALYZER_NUMBER_OBJECT_CONVERSION = YES_AGGRESSIVE;
				CLANG_CXX_LANGUAGE_STANDARD = "gnu++20";
				CLANG_ENABLE_MODULES = YES;
				CLANG_ENABLE_OBJC_ARC = YES;
				CLANG_ENABLE_OBJC_WEAK = YES;
				CLANG_WARN_BLOCK_CAPTURE_AUTORELEASING = YES;
				CLANG_WARN_BOOL_CONVERSION = YES;
				CLANG_WARN_COMMA = YES;
				CLANG_WARN_CONSTANT_CONVERSION = YES;
				CLANG_WARN_DEPRECATED_OBJC_IMPLEMENTATIONS = YES;
				CLANG_WARN_DIRECT_OBJC_ISA_USAGE = YES_ERROR;
				CLANG_WARN_DOCUMENTATION_COMMENTS = YES;
				CLANG_WARN_EMPTY_BODY = YES;
				CLANG_WARN_ENUM_CONVERSION = YES;
				CLANG_WARN_INFINITE_RECURSION = YES;
				CLANG_WARN_INT_CONVERSION = YES;
				CLANG_WARN_NON_LITERAL_NULL_CONVERSION = YES;
				CLANG_WARN_OBJC_IMPLICIT_RETAIN_SELF = YES;
				CLANG_WARN_OBJC_LITERAL_CONVERSION = YES;
				CLANG_WARN_OBJC_ROOT_CLASS = YES_ERROR;
				CLANG_WARN_QUOTED_INCLUDE_IN_FRAMEWORK_HEADER = YES;
				CLANG_WARN_RANGE_LOOP_ANALYSIS = YES;
				CLANG_WARN_STRICT_PROTOTYPES = YES;
				CLANG_WARN_SUSPICIOUS_MOVE = YES;
				CLANG_WARN_UNGUARDED_AVAILABILITY = YES_AGGRESSIVE;
				CLANG_WARN_UNREACHABLE_CODE = YES;
				CLANG_WARN__DUPLICATE_METHOD_MATCH = YES;
				COPY_PHASE_STRIP = NO;
				DEBUG_INFORMATION_FORMAT = dwarf;
				ENABLE_STRICT_OBJC_MSGSEND = YES;
				ENABLE_TESTABILITY = YES;
				GCC_C_LANGUAGE_STANDARD = gnu11;
				GCC_DYNAMIC_NO_PIC = NO;
				GCC_NO_COMMON_BLOCKS = YES;
				GCC_OPTIMIZATION_LEVEL = 0;
				GCC_PREPROCESSOR_DEFINITIONS = (
					"DEBUG=1",
					"$(inherited)",
				);
				GCC_WARN_64_TO_32_BIT_CONVERSION = YES;
				GCC_WARN_ABOUT_RETURN_TYPE = YES_ERROR;
				GCC_WARN_UNDECLARED_SELECTOR = YES;
				GCC_WARN_UNINITIALIZED_AUTOS = YES_AGGRESSIVE;
				GCC_WARN_UNUSED_FUNCTION = YES;
				GCC_WARN_UNUSED_VARIABLE = YES;
				IPHONEOS_DEPLOYMENT_TARGET = 16.2;
				MTL_ENABLE_DEBUG_INFO = INCLUDE_SOURCE;
				MTL_FAST_MATH = YES;
				ONLY_ACTIVE_ARCH = YES;
				SDKROOT = iphoneos;
				SWIFT_ACTIVE_COMPILATION_CONDITIONS = DEBUG;
				SWIFT_OPTIMIZATION_LEVEL = "-Onone";
			};
			name = Debug;
		};
		0A90D5A729755E4600056095 /* Release */ = {
			isa = XCBuildConfiguration;
			buildSettings = {
				ALWAYS_SEARCH_USER_PATHS = NO;
				CLANG_ANALYZER_NONNULL = YES;
				CLANG_ANALYZER_NUMBER_OBJECT_CONVERSION = YES_AGGRESSIVE;
				CLANG_CXX_LANGUAGE_STANDARD = "gnu++20";
				CLANG_ENABLE_MODULES = YES;
				CLANG_ENABLE_OBJC_ARC = YES;
				CLANG_ENABLE_OBJC_WEAK = YES;
				CLANG_WARN_BLOCK_CAPTURE_AUTORELEASING = YES;
				CLANG_WARN_BOOL_CONVERSION = YES;
				CLANG_WARN_COMMA = YES;
				CLANG_WARN_CONSTANT_CONVERSION = YES;
				CLANG_WARN_DEPRECATED_OBJC_IMPLEMENTATIONS = YES;
				CLANG_WARN_DIRECT_OBJC_ISA_USAGE = YES_ERROR;
				CLANG_WARN_DOCUMENTATION_COMMENTS = YES;
				CLANG_WARN_EMPTY_BODY = YES;
				CLANG_WARN_ENUM_CONVERSION = YES;
				CLANG_WARN_INFINITE_RECURSION = YES;
				CLANG_WARN_INT_CONVERSION = YES;
				CLANG_WARN_NON_LITERAL_NULL_CONVERSION = YES;
				CLANG_WARN_OBJC_IMPLICIT_RETAIN_SELF = YES;
				CLANG_WARN_OBJC_LITERAL_CONVERSION = YES;
				CLANG_WARN_OBJC_ROOT_CLASS = YES_ERROR;
				CLANG_WARN_QUOTED_INCLUDE_IN_FRAMEWORK_HEADER = YES;
				CLANG_WARN_RANGE_LOOP_ANALYSIS = YES;
				CLANG_WARN_STRICT_PROTOTYPES = YES;
				CLANG_WARN_SUSPICIOUS_MOVE = YES;
				CLANG_WARN_UNGUARDED_AVAILABILITY = YES_AGGRESSIVE;
				CLANG_WARN_UNREACHABLE_CODE = YES;
				CLANG_WARN__DUPLICATE_METHOD_MATCH = YES;
				COPY_PHASE_STRIP = NO;
				DEBUG_INFORMATION_FORMAT = "dwarf-with-dsym";
				ENABLE_NS_ASSERTIONS = NO;
				ENABLE_STRICT_OBJC_MSGSEND = YES;
				GCC_C_LANGUAGE_STANDARD = gnu11;
				GCC_NO_COMMON_BLOCKS = YES;
				GCC_WARN_64_TO_32_BIT_CONVERSION = YES;
				GCC_WARN_ABOUT_RETURN_TYPE = YES_ERROR;
				GCC_WARN_UNDECLARED_SELECTOR = YES;
				GCC_WARN_UNINITIALIZED_AUTOS = YES_AGGRESSIVE;
				GCC_WARN_UNUSED_FUNCTION = YES;
				GCC_WARN_UNUSED_VARIABLE = YES;
				IPHONEOS_DEPLOYMENT_TARGET = 16.2;
				MTL_ENABLE_DEBUG_INFO = NO;
				MTL_FAST_MATH = YES;
				SDKROOT = iphoneos;
				SWIFT_COMPILATION_MODE = wholemodule;
				SWIFT_OPTIMIZATION_LEVEL = "-O";
				VALIDATE_PRODUCT = YES;
			};
			name = Release;
		};
		0A90D5A929755E4600056095 /* Debug */ = {
			isa = XCBuildConfiguration;
			buildSettings = {
				ASSETCATALOG_COMPILER_APPICON_NAME = AppIcon;
				ASSETCATALOG_COMPILER_GLOBAL_ACCENT_COLOR_NAME = AccentColor;
				CODE_SIGN_STYLE = Automatic;
				CURRENT_PROJECT_VERSION = 1;
				DEVELOPMENT_ASSET_PATHS = "\"Brighthr/Preview Content\"";
				ENABLE_PREVIEWS = YES;
				GENERATE_INFOPLIST_FILE = YES;
				INFOPLIST_KEY_UIApplicationSceneManifest_Generation = YES;
				INFOPLIST_KEY_UIApplicationSupportsIndirectInputEvents = YES;
				INFOPLIST_KEY_UILaunchScreen_Generation = YES;
				INFOPLIST_KEY_UISupportedInterfaceOrientations_iPad = "UIInterfaceOrientationPortrait UIInterfaceOrientationPortraitUpsideDown UIInterfaceOrientationLandscapeLeft UIInterfaceOrientationLandscapeRight";
				INFOPLIST_KEY_UISupportedInterfaceOrientations_iPhone = "UIInterfaceOrientationPortrait UIInterfaceOrientationLandscapeLeft UIInterfaceOrientationLandscapeRight";
				LD_RUNPATH_SEARCH_PATHS = (
					"$(inherited)",
					"@executable_path/Frameworks",
				);
				MARKETING_VERSION = 1.0;
				PRODUCT_BUNDLE_IDENTIFIER = com.bright.test.Brighthr;
				PRODUCT_NAME = "$(TARGET_NAME)";
				SWIFT_EMIT_LOC_STRINGS = YES;
				SWIFT_VERSION = 5.0;
				TARGETED_DEVICE_FAMILY = "1,2";
			};
			name = Debug;
		};
		0A90D5AA29755E4600056095 /* Release */ = {
			isa = XCBuildConfiguration;
			buildSettings = {
				ASSETCATALOG_COMPILER_APPICON_NAME = AppIcon;
				ASSETCATALOG_COMPILER_GLOBAL_ACCENT_COLOR_NAME = AccentColor;
				CODE_SIGN_STYLE = Automatic;
				CURRENT_PROJECT_VERSION = 1;
				DEVELOPMENT_ASSET_PATHS = "\"Brighthr/Preview Content\"";
				ENABLE_PREVIEWS = YES;
				GENERATE_INFOPLIST_FILE = YES;
				INFOPLIST_KEY_UIApplicationSceneManifest_Generation = YES;
				INFOPLIST_KEY_UIApplicationSupportsIndirectInputEvents = YES;
				INFOPLIST_KEY_UILaunchScreen_Generation = YES;
				INFOPLIST_KEY_UISupportedInterfaceOrientations_iPad = "UIInterfaceOrientationPortrait UIInterfaceOrientationPortraitUpsideDown UIInterfaceOrientationLandscapeLeft UIInterfaceOrientationLandscapeRight";
				INFOPLIST_KEY_UISupportedInterfaceOrientations_iPhone = "UIInterfaceOrientationPortrait UIInterfaceOrientationLandscapeLeft UIInterfaceOrientationLandscapeRight";
				LD_RUNPATH_SEARCH_PATHS = (
					"$(inherited)",
					"@executable_path/Frameworks",
				);
				MARKETING_VERSION = 1.0;
				PRODUCT_BUNDLE_IDENTIFIER = com.bright.test.Brighthr;
				PRODUCT_NAME = "$(TARGET_NAME)";
				SWIFT_EMIT_LOC_STRINGS = YES;
				SWIFT_VERSION = 5.0;
				TARGETED_DEVICE_FAMILY = "1,2";
			};
			name = Release;
		};
		0A90D5AC29755E4600056095 /* Debug */ = {
			isa = XCBuildConfiguration;
			buildSettings = {
				ALWAYS_EMBED_SWIFT_STANDARD_LIBRARIES = YES;
				BUNDLE_LOADER = "$(TEST_HOST)";
				CODE_SIGN_STYLE = Automatic;
				CURRENT_PROJECT_VERSION = 1;
				GENERATE_INFOPLIST_FILE = YES;
				IPHONEOS_DEPLOYMENT_TARGET = 16.2;
				MARKETING_VERSION = 1.0;
				PRODUCT_BUNDLE_IDENTIFIER = com.bright.test.BrighthrTests;
				PRODUCT_NAME = "$(TARGET_NAME)";
				SWIFT_EMIT_LOC_STRINGS = NO;
				SWIFT_VERSION = 5.0;
				TARGETED_DEVICE_FAMILY = "1,2";
				TEST_HOST = "$(BUILT_PRODUCTS_DIR)/Brighthr.app/$(BUNDLE_EXECUTABLE_FOLDER_PATH)/Brighthr";
			};
			name = Debug;
		};
		0A90D5AD29755E4600056095 /* Release */ = {
			isa = XCBuildConfiguration;
			buildSettings = {
				ALWAYS_EMBED_SWIFT_STANDARD_LIBRARIES = YES;
				BUNDLE_LOADER = "$(TEST_HOST)";
				CODE_SIGN_STYLE = Automatic;
				CURRENT_PROJECT_VERSION = 1;
				GENERATE_INFOPLIST_FILE = YES;
				IPHONEOS_DEPLOYMENT_TARGET = 16.2;
				MARKETING_VERSION = 1.0;
				PRODUCT_BUNDLE_IDENTIFIER = com.bright.test.BrighthrTests;
				PRODUCT_NAME = "$(TARGET_NAME)";
				SWIFT_EMIT_LOC_STRINGS = NO;
				SWIFT_VERSION = 5.0;
				TARGETED_DEVICE_FAMILY = "1,2";
				TEST_HOST = "$(BUILT_PRODUCTS_DIR)/Brighthr.app/$(BUNDLE_EXECUTABLE_FOLDER_PATH)/Brighthr";
			};
			name = Release;
		};
		0A90D5AF29755E4600056095 /* Debug */ = {
			isa = XCBuildConfiguration;
			buildSettings = {
				ALWAYS_EMBED_SWIFT_STANDARD_LIBRARIES = YES;
				CODE_SIGN_STYLE = Automatic;
				CURRENT_PROJECT_VERSION = 1;
				GENERATE_INFOPLIST_FILE = YES;
				MARKETING_VERSION = 1.0;
				PRODUCT_BUNDLE_IDENTIFIER = com.bright.test.BrighthrUITests;
				PRODUCT_NAME = "$(TARGET_NAME)";
				SWIFT_EMIT_LOC_STRINGS = NO;
				SWIFT_VERSION = 5.0;
				TARGETED_DEVICE_FAMILY = "1,2";
				TEST_TARGET_NAME = Brighthr;
			};
			name = Debug;
		};
		0A90D5B029755E4600056095 /* Release */ = {
			isa = XCBuildConfiguration;
			buildSettings = {
				ALWAYS_EMBED_SWIFT_STANDARD_LIBRARIES = YES;
				CODE_SIGN_STYLE = Automatic;
				CURRENT_PROJECT_VERSION = 1;
				GENERATE_INFOPLIST_FILE = YES;
				MARKETING_VERSION = 1.0;
				PRODUCT_BUNDLE_IDENTIFIER = com.bright.test.BrighthrUITests;
				PRODUCT_NAME = "$(TARGET_NAME)";
				SWIFT_EMIT_LOC_STRINGS = NO;
				SWIFT_VERSION = 5.0;
				TARGETED_DEVICE_FAMILY = "1,2";
				TEST_TARGET_NAME = Brighthr;
			};
			name = Release;
		};
/* End XCBuildConfiguration section */

/* Begin XCConfigurationList section */
		0A90D57A29755E4500056095 /* Build configuration list for PBXProject "Brighthr" */ = {
			isa = XCConfigurationList;
			buildConfigurations = (
				0A90D5A629755E4600056095 /* Debug */,
				0A90D5A729755E4600056095 /* Release */,
			);
			defaultConfigurationIsVisible = 0;
			defaultConfigurationName = Release;
		};
		0A90D5A829755E4600056095 /* Build configuration list for PBXNativeTarget "Brighthr" */ = {
			isa = XCConfigurationList;
			buildConfigurations = (
				0A90D5A929755E4600056095 /* Debug */,
				0A90D5AA29755E4600056095 /* Release */,
			);
			defaultConfigurationIsVisible = 0;
			defaultConfigurationName = Release;
		};
		0A90D5AB29755E4600056095 /* Build configuration list for PBXNativeTarget "BrighthrTests" */ = {
			isa = XCConfigurationList;
			buildConfigurations = (
				0A90D5AC29755E4600056095 /* Debug */,
				0A90D5AD29755E4600056095 /* Release */,
			);
			defaultConfigurationIsVisible = 0;
			defaultConfigurationName = Release;
		};
		0A90D5AE29755E4600056095 /* Build configuration list for PBXNativeTarget "BrighthrUITests" */ = {
			isa = XCConfigurationList;
			buildConfigurations = (
				0A90D5AF29755E4600056095 /* Debug */,
				0A90D5B029755E4600056095 /* Release */,
			);
			defaultConfigurationIsVisible = 0;
			defaultConfigurationName = Release;
		};
/* End XCConfigurationList section */

/* Begin XCVersionGroup section */
		0A90D58D29755E4600056095 /* Brighthr.xcdatamodeld */ = {
			isa = XCVersionGroup;
			children = (
				0A90D58E29755E4600056095 /* Brighthr.xcdatamodel */,
			);
			currentVersion = 0A90D58E29755E4600056095 /* Brighthr.xcdatamodel */;
			path = Brighthr.xcdatamodeld;
			sourceTree = "<group>";
			versionGroupType = wrapper.xcdatamodel;
		};
/* End XCVersionGroup section */
	};
	rootObject = 0A90D57729755E4500056095 /* Project object */;
}
